
Microsoft Visual Studio Solution File, Format Version 12.00
# Visual Studio Version 17
VisualStudioVersion = 17.14.36203.30 d17.14
MinimumVisualStudioVersion = 10.0.40219.1
Project("{888888A0-9F3D-457C-B088-3A5042F75D52}") = "File_analyzer", "File_analyzer\File_analyzer.pyproj", "{59709BD9-3A1A-4195-BF32-72561CDE675C}"
EndProject
Global
	GlobalSection(SolutionConfigurationPlatforms) = preSolution
		Debug|Any CPU = Debug|Any CPU
		Release|Any CPU = Release|Any CPU
	EndGlobalSection
	GlobalSection(ProjectConfigurationPlatforms) = postSolution
		{59709BD9-3A1A-4195-BF32-72561CDE675C}.Debug|Any CPU.ActiveCfg = Debug|Any CPU
		{59709BD9-3A1A-4195-BF32-72561CDE675C}.Release|Any CPU.ActiveCfg = Release|Any CPU
	EndGlobalSection
	GlobalSection(SolutionProperties) = preSolution
		HideSolutionNode = FALSE
	EndGlobalSection
	GlobalSection(ExtensibilityGlobals) = postSolution
		SolutionGuid = {0CDBE183-5BD3-4AAA-8346-0795620357DA}
	EndGlobalSection
EndGlobal
